
Microsoft Visual Studio Solution File, Format Version 12.00
# Visual Studio Version 17
VisualStudioVersion = 17.6.33829.357
MinimumVisualStudioVersion = 10.0.40219.1
Project("{FAE04EC0-301F-11D3-BF4B-00C04F79EFBC}") = "ReactBookmarkManager.Web", "ReactBookmarkManager.Web\ReactBookmarkManager.Web.csproj", "{66575417-F366-4580-816A-F5AC157FF35E}"
EndProject
Project("{FAE04EC0-301F-11D3-BF4B-00C04F79EFBC}") = "ReactBookmarkManager.Data", "ReactBookmarkManager.Data\ReactBookmarkManager.Data.csproj", "{5ABE14EE-1E8A-41FB-802C-82B32063EA13}"
EndProject
Global
	GlobalSection(SolutionConfigurationPlatforms) = preSolution
		Debug|Any CPU = Debug|Any CPU
		Release|Any CPU = Release|Any CPU
	EndGlobalSection
	GlobalSection(ProjectConfigurationPlatforms) = postSolution
		{66575417-F366-4580-816A-F5AC157FF35E}.Debug|Any CPU.ActiveCfg = Debug|Any CPU
		{66575417-F366-4580-816A-F5AC157FF35E}.Debug|Any CPU.Build.0 = Debug|Any CPU
		{66575417-F366-4580-816A-F5AC157FF35E}.Release|Any CPU.ActiveCfg = Release|Any CPU
		{66575417-F366-4580-816A-F5AC157FF35E}.Release|Any CPU.Build.0 = Release|Any CPU
		{5ABE14EE-1E8A-41FB-802C-82B32063EA13}.Debug|Any CPU.ActiveCfg = Debug|Any CPU
		{5ABE14EE-1E8A-41FB-802C-82B32063EA13}.Debug|Any CPU.Build.0 = Debug|Any CPU
		{5ABE14EE-1E8A-41FB-802C-82B32063EA13}.Release|Any CPU.ActiveCfg = Release|Any CPU
		{5ABE14EE-1E8A-41FB-802C-82B32063EA13}.Release|Any CPU.Build.0 = Release|Any CPU
	EndGlobalSection
	GlobalSection(SolutionProperties) = preSolution
		HideSolutionNode = FALSE
	EndGlobalSection
	GlobalSection(ExtensibilityGlobals) = postSolution
		SolutionGuid = {87726D28-8E5C-4F71-9B8C-A42A3B3D5DE1}
	EndGlobalSection
EndGlobal
